// !$*UTF8*$!
{
	archiveVersion = 1;
	classes = {
	};
	objectVersion = 55;
	objects = {

/* Begin PBXBuildFile section */
		1B2F891F28BD8F0A009815F1 /* MagicWandApp.swift in Sources */ = {isa = PBXBuildFile; fileRef = 1B2F891E28BD8F0A009815F1 /* MagicWandApp.swift */; };
		1B2F892128BD8F0A009815F1 /* ContentView.swift in Sources */ = {isa = PBXBuildFile; fileRef = 1B2F892028BD8F0A009815F1 /* ContentView.swift */; };
		1B2F892328BD8F0C009815F1 /* Assets.xcassets in Resources */ = {isa = PBXBuildFile; fileRef = 1B2F892228BD8F0C009815F1 /* Assets.xcassets */; };
		1B2F892628BD8F0C009815F1 /* Preview Assets.xcassets in Resources */ = {isa = PBXBuildFile; fileRef = 1B2F892528BD8F0C009815F1 /* Preview Assets.xcassets */; };
		1B2F892A28BD8F0D009815F1 /* MagicWand WatchKit App.app in Embed Watch Content */ = {isa = PBXBuildFile; fileRef = 1B2F892928BD8F0D009815F1 /* MagicWand WatchKit App.app */; settings = {ATTRIBUTES = (RemoveHeadersOnCopy, ); }; };
		1B2F892F28BD8F0E009815F1 /* Assets.xcassets in Resources */ = {isa = PBXBuildFile; fileRef = 1B2F892E28BD8F0E009815F1 /* Assets.xcassets */; };
		1B2F893528BD8F0E009815F1 /* MagicWand WatchKit Extension.appex in Embed App Extensions */ = {isa = PBXBuildFile; fileRef = 1B2F893428BD8F0E009815F1 /* MagicWand WatchKit Extension.appex */; settings = {ATTRIBUTES = (RemoveHeadersOnCopy, ); }; };
		1B2F893A28BD8F0E009815F1 /* MagicWandApp.swift in Sources */ = {isa = PBXBuildFile; fileRef = 1B2F893928BD8F0E009815F1 /* MagicWandApp.swift */; };
		1B2F893C28BD8F0E009815F1 /* ContentView.swift in Sources */ = {isa = PBXBuildFile; fileRef = 1B2F893B28BD8F0E009815F1 /* ContentView.swift */; };
		1B2F893E28BD8F0E009815F1 /* NotificationController.swift in Sources */ = {isa = PBXBuildFile; fileRef = 1B2F893D28BD8F0E009815F1 /* NotificationController.swift */; };
		1B2F894028BD8F0E009815F1 /* NotificationView.swift in Sources */ = {isa = PBXBuildFile; fileRef = 1B2F893F28BD8F0E009815F1 /* NotificationView.swift */; };
		1B2F894228BD8F0E009815F1 /* ComplicationController.swift in Sources */ = {isa = PBXBuildFile; fileRef = 1B2F894128BD8F0E009815F1 /* ComplicationController.swift */; };
		1B2F894428BD8F0F009815F1 /* Assets.xcassets in Resources */ = {isa = PBXBuildFile; fileRef = 1B2F894328BD8F0F009815F1 /* Assets.xcassets */; };
		1B2F894728BD8F0F009815F1 /* Preview Assets.xcassets in Resources */ = {isa = PBXBuildFile; fileRef = 1B2F894628BD8F0F009815F1 /* Preview Assets.xcassets */; };
		1B2F895828BD8FBC009815F1 /* ToolboxListView.swift in Sources */ = {isa = PBXBuildFile; fileRef = 1B2F895728BD8FBC009815F1 /* ToolboxListView.swift */; };
		1B2F895C28BD939B009815F1 /* MicrophoneView.swift in Sources */ = {isa = PBXBuildFile; fileRef = 1B2F895B28BD939B009815F1 /* MicrophoneView.swift */; };
/* End PBXBuildFile section */

/* Begin PBXContainerItemProxy section */
		1B2F892B28BD8F0D009815F1 /* PBXContainerItemProxy */ = {
			isa = PBXContainerItemProxy;
			containerPortal = 1B2F891328BD8F0A009815F1 /* Project object */;
			proxyType = 1;
			remoteGlobalIDString = 1B2F892828BD8F0C009815F1;
			remoteInfo = "MagicWand WatchKit App";
		};
		1B2F893628BD8F0E009815F1 /* PBXContainerItemProxy */ = {
			isa = PBXContainerItemProxy;
			containerPortal = 1B2F891328BD8F0A009815F1 /* Project object */;
			proxyType = 1;
			remoteGlobalIDString = 1B2F893328BD8F0E009815F1;
			remoteInfo = "MagicWand WatchKit Extension";
		};
/* End PBXContainerItemProxy section */

/* Begin PBXCopyFilesBuildPhase section */
		1B2F894F28BD8F0F009815F1 /* Embed App Extensions */ = {
			isa = PBXCopyFilesBuildPhase;
			buildActionMask = 2147483647;
			dstPath = "";
			dstSubfolderSpec = 13;
			files = (
				1B2F893528BD8F0E009815F1 /* MagicWand WatchKit Extension.appex in Embed App Extensions */,
			);
			name = "Embed App Extensions";
			runOnlyForDeploymentPostprocessing = 0;
		};
		1B2F895328BD8F0F009815F1 /* Embed Watch Content */ = {
			isa = PBXCopyFilesBuildPhase;
			buildActionMask = 2147483647;
			dstPath = "$(CONTENTS_FOLDER_PATH)/Watch";
			dstSubfolderSpec = 16;
			files = (
				1B2F892A28BD8F0D009815F1 /* MagicWand WatchKit App.app in Embed Watch Content */,
			);
			name = "Embed Watch Content";
			runOnlyForDeploymentPostprocessing = 0;
		};
/* End PBXCopyFilesBuildPhase section */

/* Begin PBXFileReference section */
		1B2F891B28BD8F0A009815F1 /* MagicWand.app */ = {isa = PBXFileReference; explicitFileType = wrapper.application; includeInIndex = 0; path = MagicWand.app; sourceTree = BUILT_PRODUCTS_DIR; };
		1B2F891E28BD8F0A009815F1 /* MagicWandApp.swift */ = {isa = PBXFileReference; lastKnownFileType = sourcecode.swift; path = MagicWandApp.swift; sourceTree = "<group>"; };
		1B2F892028BD8F0A009815F1 /* ContentView.swift */ = {isa = PBXFileReference; lastKnownFileType = sourcecode.swift; path = ContentView.swift; sourceTree = "<group>"; };
		1B2F892228BD8F0C009815F1 /* Assets.xcassets */ = {isa = PBXFileReference; lastKnownFileType = folder.assetcatalog; path = Assets.xcassets; sourceTree = "<group>"; };
		1B2F892528BD8F0C009815F1 /* Preview Assets.xcassets */ = {isa = PBXFileReference; lastKnownFileType = folder.assetcatalog; path = "Preview Assets.xcassets"; sourceTree = "<group>"; };
		1B2F892928BD8F0D009815F1 /* MagicWand WatchKit App.app */ = {isa = PBXFileReference; explicitFileType = wrapper.application; includeInIndex = 0; path = "MagicWand WatchKit App.app"; sourceTree = BUILT_PRODUCTS_DIR; };
		1B2F892E28BD8F0E009815F1 /* Assets.xcassets */ = {isa = PBXFileReference; lastKnownFileType = folder.assetcatalog; path = Assets.xcassets; sourceTree = "<group>"; };
		1B2F893428BD8F0E009815F1 /* MagicWand WatchKit Extension.appex */ = {isa = PBXFileReference; explicitFileType = "wrapper.app-extension"; includeInIndex = 0; path = "MagicWand WatchKit Extension.appex"; sourceTree = BUILT_PRODUCTS_DIR; };
		1B2F893928BD8F0E009815F1 /* MagicWandApp.swift */ = {isa = PBXFileReference; lastKnownFileType = sourcecode.swift; path = MagicWandApp.swift; sourceTree = "<group>"; };
		1B2F893B28BD8F0E009815F1 /* ContentView.swift */ = {isa = PBXFileReference; lastKnownFileType = sourcecode.swift; path = ContentView.swift; sourceTree = "<group>"; };
		1B2F893D28BD8F0E009815F1 /* NotificationController.swift */ = {isa = PBXFileReference; lastKnownFileType = sourcecode.swift; path = NotificationController.swift; sourceTree = "<group>"; };
		1B2F893F28BD8F0E009815F1 /* NotificationView.swift */ = {isa = PBXFileReference; lastKnownFileType = sourcecode.swift; path = NotificationView.swift; sourceTree = "<group>"; };
		1B2F894128BD8F0E009815F1 /* ComplicationController.swift */ = {isa = PBXFileReference; lastKnownFileType = sourcecode.swift; path = ComplicationController.swift; sourceTree = "<group>"; };
		1B2F894328BD8F0F009815F1 /* Assets.xcassets */ = {isa = PBXFileReference; lastKnownFileType = folder.assetcatalog; path = Assets.xcassets; sourceTree = "<group>"; };
		1B2F894628BD8F0F009815F1 /* Preview Assets.xcassets */ = {isa = PBXFileReference; lastKnownFileType = folder.assetcatalog; path = "Preview Assets.xcassets"; sourceTree = "<group>"; };
		1B2F894828BD8F0F009815F1 /* Info.plist */ = {isa = PBXFileReference; lastKnownFileType = text.plist.xml; path = Info.plist; sourceTree = "<group>"; };
		1B2F894928BD8F0F009815F1 /* PushNotificationPayload.apns */ = {isa = PBXFileReference; lastKnownFileType = text; path = PushNotificationPayload.apns; sourceTree = "<group>"; };
		1B2F895728BD8FBC009815F1 /* ToolboxListView.swift */ = {isa = PBXFileReference; lastKnownFileType = sourcecode.swift; path = ToolboxListView.swift; sourceTree = "<group>"; };
		1B2F895B28BD939B009815F1 /* MicrophoneView.swift */ = {isa = PBXFileReference; lastKnownFileType = sourcecode.swift; path = MicrophoneView.swift; sourceTree = "<group>"; };
/* End PBXFileReference section */

/* Begin PBXFrameworksBuildPhase section */
		1B2F891828BD8F0A009815F1 /* Frameworks */ = {
			isa = PBXFrameworksBuildPhase;
			buildActionMask = 2147483647;
			files = (
			);
			runOnlyForDeploymentPostprocessing = 0;
		};
		1B2F893128BD8F0E009815F1 /* Frameworks */ = {
			isa = PBXFrameworksBuildPhase;
			buildActionMask = 2147483647;
			files = (
			);
			runOnlyForDeploymentPostprocessing = 0;
		};
/* End PBXFrameworksBuildPhase section */

/* Begin PBXGroup section */
		1B2F891228BD8F0A009815F1 = {
			isa = PBXGroup;
			children = (
				1B2F891D28BD8F0A009815F1 /* MagicWand */,
				1B2F892D28BD8F0D009815F1 /* MagicWand WatchKit App */,
				1B2F893828BD8F0E009815F1 /* MagicWand WatchKit Extension */,
				1B2F891C28BD8F0A009815F1 /* Products */,
			);
			sourceTree = "<group>";
		};
		1B2F891C28BD8F0A009815F1 /* Products */ = {
			isa = PBXGroup;
			children = (
				1B2F891B28BD8F0A009815F1 /* MagicWand.app */,
				1B2F892928BD8F0D009815F1 /* MagicWand WatchKit App.app */,
				1B2F893428BD8F0E009815F1 /* MagicWand WatchKit Extension.appex */,
			);
			name = Products;
			sourceTree = "<group>";
		};
		1B2F891D28BD8F0A009815F1 /* MagicWand */ = {
			isa = PBXGroup;
			children = (
				1B2F891E28BD8F0A009815F1 /* MagicWandApp.swift */,
				1B2F892028BD8F0A009815F1 /* ContentView.swift */,
				1B2F892228BD8F0C009815F1 /* Assets.xcassets */,
				1B2F892428BD8F0C009815F1 /* Preview Content */,
			);
			path = MagicWand;
			sourceTree = "<group>";
		};
		1B2F892428BD8F0C009815F1 /* Preview Content */ = {
			isa = PBXGroup;
			children = (
				1B2F892528BD8F0C009815F1 /* Preview Assets.xcassets */,
			);
			path = "Preview Content";
			sourceTree = "<group>";
		};
		1B2F892D28BD8F0D009815F1 /* MagicWand WatchKit App */ = {
			isa = PBXGroup;
			children = (
				1B2F892E28BD8F0E009815F1 /* Assets.xcassets */,
			);
			path = "MagicWand WatchKit App";
			sourceTree = "<group>";
		};
		1B2F893828BD8F0E009815F1 /* MagicWand WatchKit Extension */ = {
			isa = PBXGroup;
			children = (
				1B2F895A28BD9381009815F1 /* Voice */,
				1B2F895928BD936D009815F1 /* Pressed */,
				1B2F893928BD8F0E009815F1 /* MagicWandApp.swift */,
				1B2F893B28BD8F0E009815F1 /* ContentView.swift */,
				1B2F893D28BD8F0E009815F1 /* NotificationController.swift */,
				1B2F893F28BD8F0E009815F1 /* NotificationView.swift */,
				1B2F894128BD8F0E009815F1 /* ComplicationController.swift */,
				1B2F894328BD8F0F009815F1 /* Assets.xcassets */,
				1B2F894828BD8F0F009815F1 /* Info.plist */,
				1B2F894928BD8F0F009815F1 /* PushNotificationPayload.apns */,
				1B2F894528BD8F0F009815F1 /* Preview Content */,
			);
			path = "MagicWand WatchKit Extension";
			sourceTree = "<group>";
		};
		1B2F894528BD8F0F009815F1 /* Preview Content */ = {
			isa = PBXGroup;
			children = (
				1B2F894628BD8F0F009815F1 /* Preview Assets.xcassets */,
			);
			path = "Preview Content";
			sourceTree = "<group>";
		};
		1B2F895928BD936D009815F1 /* Pressed */ = {
			isa = PBXGroup;
			children = (
				1B2F895728BD8FBC009815F1 /* ToolboxListView.swift */,
			);
			path = Pressed;
			sourceTree = "<group>";
		};
		1B2F895A28BD9381009815F1 /* Voice */ = {
			isa = PBXGroup;
			children = (
				1B2F895B28BD939B009815F1 /* MicrophoneView.swift */,
			);
			path = Voice;
			sourceTree = "<group>";
		};
/* End PBXGroup section */

/* Begin PBXNativeTarget section */
		1B2F891A28BD8F0A009815F1 /* MagicWand */ = {
			isa = PBXNativeTarget;
			buildConfigurationList = 1B2F895428BD8F0F009815F1 /* Build configuration list for PBXNativeTarget "MagicWand" */;
			buildPhases = (
				1B2F891728BD8F0A009815F1 /* Sources */,
				1B2F891828BD8F0A009815F1 /* Frameworks */,
				1B2F891928BD8F0A009815F1 /* Resources */,
				1B2F895328BD8F0F009815F1 /* Embed Watch Content */,
			);
			buildRules = (
			);
			dependencies = (
				1B2F892C28BD8F0D009815F1 /* PBXTargetDependency */,
			);
			name = MagicWand;
			productName = MagicWand;
			productReference = 1B2F891B28BD8F0A009815F1 /* MagicWand.app */;
			productType = "com.apple.product-type.application";
		};
		1B2F892828BD8F0C009815F1 /* MagicWand WatchKit App */ = {
			isa = PBXNativeTarget;
			buildConfigurationList = 1B2F895028BD8F0F009815F1 /* Build configuration list for PBXNativeTarget "MagicWand WatchKit App" */;
			buildPhases = (
				1B2F892728BD8F0C009815F1 /* Resources */,
				1B2F894F28BD8F0F009815F1 /* Embed App Extensions */,
			);
			buildRules = (
			);
			dependencies = (
				1B2F893728BD8F0E009815F1 /* PBXTargetDependency */,
			);
			name = "MagicWand WatchKit App";
			productName = "MagicWand WatchKit App";
			productReference = 1B2F892928BD8F0D009815F1 /* MagicWand WatchKit App.app */;
			productType = "com.apple.product-type.application.watchapp2";
		};
		1B2F893328BD8F0E009815F1 /* MagicWand WatchKit Extension */ = {
			isa = PBXNativeTarget;
			buildConfigurationList = 1B2F894C28BD8F0F009815F1 /* Build configuration list for PBXNativeTarget "MagicWand WatchKit Extension" */;
			buildPhases = (
				1B2F893028BD8F0E009815F1 /* Sources */,
				1B2F893128BD8F0E009815F1 /* Frameworks */,
				1B2F893228BD8F0E009815F1 /* Resources */,
			);
			buildRules = (
			);
			dependencies = (
			);
			name = "MagicWand WatchKit Extension";
			productName = "MagicWand WatchKit Extension";
			productReference = 1B2F893428BD8F0E009815F1 /* MagicWand WatchKit Extension.appex */;
			productType = "com.apple.product-type.watchkit2-extension";
		};
/* End PBXNativeTarget section */

/* Begin PBXProject section */
		1B2F891328BD8F0A009815F1 /* Project object */ = {
			isa = PBXProject;
			attributes = {
				BuildIndependentTargetsInParallel = 1;
				LastSwiftUpdateCheck = 1340;
				LastUpgradeCheck = 1340;
				TargetAttributes = {
					1B2F891A28BD8F0A009815F1 = {
						CreatedOnToolsVersion = 13.4.1;
					};
					1B2F892828BD8F0C009815F1 = {
						CreatedOnToolsVersion = 13.4.1;
					};
					1B2F893328BD8F0E009815F1 = {
						CreatedOnToolsVersion = 13.4.1;
					};
				};
			};
			buildConfigurationList = 1B2F891628BD8F0A009815F1 /* Build configuration list for PBXProject "MagicWand" */;
			compatibilityVersion = "Xcode 13.0";
			developmentRegion = en;
			hasScannedForEncodings = 0;
			knownRegions = (
				en,
				Base,
			);
			mainGroup = 1B2F891228BD8F0A009815F1;
			productRefGroup = 1B2F891C28BD8F0A009815F1 /* Products */;
			projectDirPath = "";
			projectRoot = "";
			targets = (
				1B2F891A28BD8F0A009815F1 /* MagicWand */,
				1B2F892828BD8F0C009815F1 /* MagicWand WatchKit App */,
				1B2F893328BD8F0E009815F1 /* MagicWand WatchKit Extension */,
			);
		};
/* End PBXProject section */

/* Begin PBXResourcesBuildPhase section */
		1B2F891928BD8F0A009815F1 /* Resources */ = {
			isa = PBXResourcesBuildPhase;
			buildActionMask = 2147483647;
			files = (
				1B2F892628BD8F0C009815F1 /* Preview Assets.xcassets in Resources */,
				1B2F892328BD8F0C009815F1 /* Assets.xcassets in Resources */,
			);
			runOnlyForDeploymentPostprocessing = 0;
		};
		1B2F892728BD8F0C009815F1 /* Resources */ = {
			isa = PBXResourcesBuildPhase;
			buildActionMask = 2147483647;
			files = (
				1B2F892F28BD8F0E009815F1 /* Assets.xcassets in Resources */,
			);
			runOnlyForDeploymentPostprocessing = 0;
		};
		1B2F893228BD8F0E009815F1 /* Resources */ = {
			isa = PBXResourcesBuildPhase;
			buildActionMask = 2147483647;
			files = (
				1B2F894728BD8F0F009815F1 /* Preview Assets.xcassets in Resources */,
				1B2F894428BD8F0F009815F1 /* Assets.xcassets in Resources */,
			);
			runOnlyForDeploymentPostprocessing = 0;
		};
/* End PBXResourcesBuildPhase section */

/* Begin PBXSourcesBuildPhase section */
		1B2F891728BD8F0A009815F1 /* Sources */ = {
			isa = PBXSourcesBuildPhase;
			buildActionMask = 2147483647;
			files = (
				1B2F892128BD8F0A009815F1 /* ContentView.swift in Sources */,
				1B2F891F28BD8F0A009815F1 /* MagicWandApp.swift in Sources */,
			);
			runOnlyForDeploymentPostprocessing = 0;
		};
		1B2F893028BD8F0E009815F1 /* Sources */ = {
			isa = PBXSourcesBuildPhase;
			buildActionMask = 2147483647;
			files = (
				1B2F893E28BD8F0E009815F1 /* NotificationController.swift in Sources */,
				1B2F893C28BD8F0E009815F1 /* ContentView.swift in Sources */,
				1B2F894228BD8F0E009815F1 /* ComplicationController.swift in Sources */,
				1B2F895C28BD939B009815F1 /* MicrophoneView.swift in Sources */,
				1B2F893A28BD8F0E009815F1 /* MagicWandApp.swift in Sources */,
				1B2F895828BD8FBC009815F1 /* ToolboxListView.swift in Sources */,
				1B2F894028BD8F0E009815F1 /* NotificationView.swift in Sources */,
			);
			runOnlyForDeploymentPostprocessing = 0;
		};
/* End PBXSourcesBuildPhase section */

/* Begin PBXTargetDependency section */
		1B2F892C28BD8F0D009815F1 /* PBXTargetDependency */ = {
			isa = PBXTargetDependency;
			target = 1B2F892828BD8F0C009815F1 /* MagicWand WatchKit App */;
			targetProxy = 1B2F892B28BD8F0D009815F1 /* PBXContainerItemProxy */;
		};
		1B2F893728BD8F0E009815F1 /* PBXTargetDependency */ = {
			isa = PBXTargetDependency;
			target = 1B2F893328BD8F0E009815F1 /* MagicWand WatchKit Extension */;
			targetProxy = 1B2F893628BD8F0E009815F1 /* PBXContainerItemProxy */;
		};
/* End PBXTargetDependency section */

/* Begin XCBuildConfiguration section */
		1B2F894A28BD8F0F009815F1 /* Debug */ = {
			isa = XCBuildConfiguration;
			buildSettings = {
				ALWAYS_SEARCH_USER_PATHS = NO;
				CLANG_ANALYZER_NONNULL = YES;
				CLANG_ANALYZER_NUMBER_OBJECT_CONVERSION = YES_AGGRESSIVE;
				CLANG_CXX_LANGUAGE_STANDARD = "gnu++17";
				CLANG_ENABLE_MODULES = YES;
				CLANG_ENABLE_OBJC_ARC = YES;
				CLANG_ENABLE_OBJC_WEAK = YES;
				CLANG_WARN_BLOCK_CAPTURE_AUTORELEASING = YES;
				CLANG_WARN_BOOL_CONVERSION = YES;
				CLANG_WARN_COMMA = YES;
				CLANG_WARN_CONSTANT_CONVERSION = YES;
				CLANG_WARN_DEPRECATED_OBJC_IMPLEMENTATIONS = YES;
				CLANG_WARN_DIRECT_OBJC_ISA_USAGE = YES_ERROR;
				CLANG_WARN_DOCUMENTATION_COMMENTS = YES;
				CLANG_WARN_EMPTY_BODY = YES;
				CLANG_WARN_ENUM_CONVERSION = YES;
				CLANG_WARN_INFINITE_RECURSION = YES;
				CLANG_WARN_INT_CONVERSION = YES;
				CLANG_WARN_NON_LITERAL_NULL_CONVERSION = YES;
				CLANG_WARN_OBJC_IMPLICIT_RETAIN_SELF = YES;
				CLANG_WARN_OBJC_LITERAL_CONVERSION = YES;
				CLANG_WARN_OBJC_ROOT_CLASS = YES_ERROR;
				CLANG_WARN_QUOTED_INCLUDE_IN_FRAMEWORK_HEADER = YES;
				CLANG_WARN_RANGE_LOOP_ANALYSIS = YES;
				CLANG_WARN_STRICT_PROTOTYPES = YES;
				CLANG_WARN_SUSPICIOUS_MOVE = YES;
				CLANG_WARN_UNGUARDED_AVAILABILITY = YES_AGGRESSIVE;
				CLANG_WARN_UNREACHABLE_CODE = YES;
				CLANG_WARN__DUPLICATE_METHOD_MATCH = YES;
				COPY_PHASE_STRIP = NO;
				DEBUG_INFORMATION_FORMAT = dwarf;
				ENABLE_STRICT_OBJC_MSGSEND = YES;
				ENABLE_TESTABILITY = YES;
				GCC_C_LANGUAGE_STANDARD = gnu11;
				GCC_DYNAMIC_NO_PIC = NO;
				GCC_NO_COMMON_BLOCKS = YES;
				GCC_OPTIMIZATION_LEVEL = 0;
				GCC_PREPROCESSOR_DEFINITIONS = (
					"DEBUG=1",
					"$(inherited)",
				);
				GCC_WARN_64_TO_32_BIT_CONVERSION = YES;
				GCC_WARN_ABOUT_RETURN_TYPE = YES_ERROR;
				GCC_WARN_UNDECLARED_SELECTOR = YES;
				GCC_WARN_UNINITIALIZED_AUTOS = YES_AGGRESSIVE;
				GCC_WARN_UNUSED_FUNCTION = YES;
				GCC_WARN_UNUSED_VARIABLE = YES;
				MTL_ENABLE_DEBUG_INFO = INCLUDE_SOURCE;
				MTL_FAST_MATH = YES;
				ONLY_ACTIVE_ARCH = YES;
				SWIFT_ACTIVE_COMPILATION_CONDITIONS = DEBUG;
				SWIFT_OPTIMIZATION_LEVEL = "-Onone";
			};
			name = Debug;
		};
		1B2F894B28BD8F0F009815F1 /* Release */ = {
			isa = XCBuildConfiguration;
			buildSettings = {
				ALWAYS_SEARCH_USER_PATHS = NO;
				CLANG_ANALYZER_NONNULL = YES;
				CLANG_ANALYZER_NUMBER_OBJECT_CONVERSION = YES_AGGRESSIVE;
				CLANG_CXX_LANGUAGE_STANDARD = "gnu++17";
				CLANG_ENABLE_MODULES = YES;
				CLANG_ENABLE_OBJC_ARC = YES;
				CLANG_ENABLE_OBJC_WEAK = YES;
				CLANG_WARN_BLOCK_CAPTURE_AUTORELEASING = YES;
				CLANG_WARN_BOOL_CONVERSION = YES;
				CLANG_WARN_COMMA = YES;
				CLANG_WARN_CONSTANT_CONVERSION = YES;
				CLANG_WARN_DEPRECATED_OBJC_IMPLEMENTATIONS = YES;
				CLANG_WARN_DIRECT_OBJC_ISA_USAGE = YES_ERROR;
				CLANG_WARN_DOCUMENTATION_COMMENTS = YES;
				CLANG_WARN_EMPTY_BODY = YES;
				CLANG_WARN_ENUM_CONVERSION = YES;
				CLANG_WARN_INFINITE_RECURSION = YES;
				CLANG_WARN_INT_CONVERSION = YES;
				CLANG_WARN_NON_LITERAL_NULL_CONVERSION = YES;
				CLANG_WARN_OBJC_IMPLICIT_RETAIN_SELF = YES;
				CLANG_WARN_OBJC_LITERAL_CONVERSION = YES;
				CLANG_WARN_OBJC_ROOT_CLASS = YES_ERROR;
				CLANG_WARN_QUOTED_INCLUDE_IN_FRAMEWORK_HEADER = YES;
				CLANG_WARN_RANGE_LOOP_ANALYSIS = YES;
				CLANG_WARN_STRICT_PROTOTYPES = YES;
				CLANG_WARN_SUSPICIOUS_MOVE = YES;
				CLANG_WARN_UNGUARDED_AVAILABILITY = YES_AGGRESSIVE;
				CLANG_WARN_UNREACHABLE_CODE = YES;
				CLANG_WARN__DUPLICATE_METHOD_MATCH = YES;
				COPY_PHASE_STRIP = NO;
				DEBUG_INFORMATION_FORMAT = "dwarf-with-dsym";
				ENABLE_NS_ASSERTIONS = NO;
				ENABLE_STRICT_OBJC_MSGSEND = YES;
				GCC_C_LANGUAGE_STANDARD = gnu11;
				GCC_NO_COMMON_BLOCKS = YES;
				GCC_WARN_64_TO_32_BIT_CONVERSION = YES;
				GCC_WARN_ABOUT_RETURN_TYPE = YES_ERROR;
				GCC_WARN_UNDECLARED_SELECTOR = YES;
				GCC_WARN_UNINITIALIZED_AUTOS = YES_AGGRESSIVE;
				GCC_WARN_UNUSED_FUNCTION = YES;
				GCC_WARN_UNUSED_VARIABLE = YES;
				MTL_ENABLE_DEBUG_INFO = NO;
				MTL_FAST_MATH = YES;
				SWIFT_COMPILATION_MODE = wholemodule;
				SWIFT_OPTIMIZATION_LEVEL = "-O";
			};
			name = Release;
		};
		1B2F894D28BD8F0F009815F1 /* Debug */ = {
			isa = XCBuildConfiguration;
			buildSettings = {
				ASSETCATALOG_COMPILER_COMPLICATION_NAME = Complication;
				CODE_SIGN_STYLE = Automatic;
				CURRENT_PROJECT_VERSION = 1;
				DEVELOPMENT_ASSET_PATHS = "\"MagicWand WatchKit Extension/Preview Content\"";
				DEVELOPMENT_TEAM = GYMDP69744;
				ENABLE_PREVIEWS = YES;
				GENERATE_INFOPLIST_FILE = YES;
				INFOPLIST_FILE = "MagicWand WatchKit Extension/Info.plist";
				INFOPLIST_KEY_CFBundleDisplayName = "MagicWand WatchKit Extension";
				INFOPLIST_KEY_CLKComplicationPrincipalClass = "$(PRODUCT_MODULE_NAME).ComplicationController";
				INFOPLIST_KEY_NSHumanReadableCopyright = "";
				INFOPLIST_KEY_WKRunsIndependentlyOfCompanionApp = YES;
				LD_RUNPATH_SEARCH_PATHS = (
					"$(inherited)",
					"@executable_path/Frameworks",
					"@executable_path/../../Frameworks",
				);
				MARKETING_VERSION = 1.0;
				PRODUCT_BUNDLE_IDENTIFIER = com.pazzi.marina.MagicWand.watchkitapp.watchkitextension;
				PRODUCT_NAME = "${TARGET_NAME}";
				SDKROOT = watchos;
				SKIP_INSTALL = YES;
				SWIFT_EMIT_LOC_STRINGS = YES;
				SWIFT_VERSION = 5.0;
				TARGETED_DEVICE_FAMILY = 4;
				WATCHOS_DEPLOYMENT_TARGET = 8.5;
			};
			name = Debug;
		};
		1B2F894E28BD8F0F009815F1 /* Release */ = {
			isa = XCBuildConfiguration;
			buildSettings = {
				ASSETCATALOG_COMPILER_COMPLICATION_NAME = Complication;
				CODE_SIGN_STYLE = Automatic;
				CURRENT_PROJECT_VERSION = 1;
				DEVELOPMENT_ASSET_PATHS = "\"MagicWand WatchKit Extension/Preview Content\"";
				DEVELOPMENT_TEAM = GYMDP69744;
				ENABLE_PREVIEWS = YES;
				GENERATE_INFOPLIST_FILE = YES;
				INFOPLIST_FILE = "MagicWand WatchKit Extension/Info.plist";
				INFOPLIST_KEY_CFBundleDisplayName = "MagicWand WatchKit Extension";
				INFOPLIST_KEY_CLKComplicationPrincipalClass = "$(PRODUCT_MODULE_NAME).ComplicationController";
				INFOPLIST_KEY_NSHumanReadableCopyright = "";
				INFOPLIST_KEY_WKRunsIndependentlyOfCompanionApp = YES;
				LD_RUNPATH_SEARCH_PATHS = (
					"$(inherited)",
					"@executable_path/Frameworks",
					"@executable_path/../../Frameworks",
				);
				MARKETING_VERSION = 1.0;
				PRODUCT_BUNDLE_IDENTIFIER = com.pazzi.marina.MagicWand.watchkitapp.watchkitextension;
				PRODUCT_NAME = "${TARGET_NAME}";
				SDKROOT = watchos;
				SKIP_INSTALL = YES;
				SWIFT_EMIT_LOC_STRINGS = YES;
				SWIFT_VERSION = 5.0;
				TARGETED_DEVICE_FAMILY = 4;
				VALIDATE_PRODUCT = YES;
				WATCHOS_DEPLOYMENT_TARGET = 8.5;
			};
			name = Release;
		};
		1B2F895128BD8F0F009815F1 /* Debug */ = {
			isa = XCBuildConfiguration;
			buildSettings = {
				ALWAYS_EMBED_SWIFT_STANDARD_LIBRARIES = YES;
				ASSETCATALOG_COMPILER_APPICON_NAME = AppIcon;
				ASSETCATALOG_COMPILER_GLOBAL_ACCENT_COLOR_NAME = AccentColor;
				CODE_SIGN_STYLE = Automatic;
				CURRENT_PROJECT_VERSION = 1;
				DEVELOPMENT_TEAM = GYMDP69744;
				GENERATE_INFOPLIST_FILE = YES;
				IBSC_MODULE = MagicWand_WatchKit_Extension;
				INFOPLIST_KEY_CFBundleDisplayName = "MagicWand WatchKit App";
				INFOPLIST_KEY_UISupportedInterfaceOrientations = "UIInterfaceOrientationPortrait UIInterfaceOrientationPortraitUpsideDown";
				INFOPLIST_KEY_WKCompanionAppBundleIdentifier = com.pazzi.marina.MagicWand;
				MARKETING_VERSION = 1.0;
				PRODUCT_BUNDLE_IDENTIFIER = com.pazzi.marina.MagicWand.watchkitapp;
				PRODUCT_NAME = "$(TARGET_NAME)";
				SDKROOT = watchos;
				SKIP_INSTALL = YES;
				SWIFT_EMIT_LOC_STRINGS = YES;
				SWIFT_VERSION = 5.0;
				TARGETED_DEVICE_FAMILY = 4;
				WATCHOS_DEPLOYMENT_TARGET = 8.5;
			};
			name = Debug;
		};
		1B2F895228BD8F0F009815F1 /* Release */ = {
			isa = XCBuildConfiguration;
			buildSettings = {
				ALWAYS_EMBED_SWIFT_STANDARD_LIBRARIES = YES;
				ASSETCATALOG_COMPILER_APPICON_NAME = AppIcon;
				ASSETCATALOG_COMPILER_GLOBAL_ACCENT_COLOR_NAME = AccentColor;
				CODE_SIGN_STYLE = Automatic;
				CURRENT_PROJECT_VERSION = 1;
				DEVELOPMENT_TEAM = GYMDP69744;
				GENERATE_INFOPLIST_FILE = YES;
				IBSC_MODULE = MagicWand_WatchKit_Extension;
				INFOPLIST_KEY_CFBundleDisplayName = "MagicWand WatchKit App";
				INFOPLIST_KEY_UISupportedInterfaceOrientations = "UIInterfaceOrientationPortrait UIInterfaceOrientationPortraitUpsideDown";
				INFOPLIST_KEY_WKCompanionAppBundleIdentifier = com.pazzi.marina.MagicWand;
				MARKETING_VERSION = 1.0;
				PRODUCT_BUNDLE_IDENTIFIER = com.pazzi.marina.MagicWand.watchkitapp;
				PRODUCT_NAME = "$(TARGET_NAME)";
				SDKROOT = watchos;
				SKIP_INSTALL = YES;
				SWIFT_EMIT_LOC_STRINGS = YES;
				SWIFT_VERSION = 5.0;
				TARGETED_DEVICE_FAMILY = 4;
				VALIDATE_PRODUCT = YES;
				WATCHOS_DEPLOYMENT_TARGET = 8.5;
			};
			name = Release;
		};
		1B2F895528BD8F0F009815F1 /* Debug */ = {
			isa = XCBuildConfiguration;
			buildSettings = {
				ASSETCATALOG_COMPILER_APPICON_NAME = AppIcon;
				ASSETCATALOG_COMPILER_GLOBAL_ACCENT_COLOR_NAME = AccentColor;
				CODE_SIGN_STYLE = Automatic;
				CURRENT_PROJECT_VERSION = 1;
				DEVELOPMENT_ASSET_PATHS = "\"MagicWand/Preview Content\"";
				DEVELOPMENT_TEAM = GYMDP69744;
				ENABLE_PREVIEWS = YES;
				GENERATE_INFOPLIST_FILE = YES;
				INFOPLIST_KEY_UIApplicationSceneManifest_Generation = YES;
				INFOPLIST_KEY_UIApplicationSupportsIndirectInputEvents = YES;
				INFOPLIST_KEY_UILaunchScreen_Generation = YES;
				INFOPLIST_KEY_UISupportedInterfaceOrientations_iPad = "UIInterfaceOrientationPortrait UIInterfaceOrientationPortraitUpsideDown UIInterfaceOrientationLandscapeLeft UIInterfaceOrientationLandscapeRight";
				INFOPLIST_KEY_UISupportedInterfaceOrientations_iPhone = "UIInterfaceOrientationPortrait UIInterfaceOrientationLandscapeLeft UIInterfaceOrientationLandscapeRight";
				IPHONEOS_DEPLOYMENT_TARGET = 15.5;
				LD_RUNPATH_SEARCH_PATHS = (
					"$(inherited)",
					"@executable_path/Frameworks",
				);
				MARKETING_VERSION = 1.0;
				PRODUCT_BUNDLE_IDENTIFIER = com.pazzi.marina.MagicWand;
				PRODUCT_NAME = "$(TARGET_NAME)";
				SDKROOT = iphoneos;
				SWIFT_EMIT_LOC_STRINGS = YES;
				SWIFT_VERSION = 5.0;
				TARGETED_DEVICE_FAMILY = "1,2";
			};
			name = Debug;
		};
		1B2F895628BD8F0F009815F1 /* Release */ = {
			isa = XCBuildConfiguration;
			buildSettings = {
				ASSETCATALOG_COMPILER_APPICON_NAME = AppIcon;
				ASSETCATALOG_COMPILER_GLOBAL_ACCENT_COLOR_NAME = AccentColor;
				CODE_SIGN_STYLE = Automatic;
				CURRENT_PROJECT_VERSION = 1;
				DEVELOPMENT_ASSET_PATHS = "\"MagicWand/Preview Content\"";
				DEVELOPMENT_TEAM = GYMDP69744;
				ENABLE_PREVIEWS = YES;
				GENERATE_INFOPLIST_FILE = YES;
				INFOPLIST_KEY_UIApplicationSceneManifest_Generation = YES;
				INFOPLIST_KEY_UIApplicationSupportsIndirectInputEvents = YES;
				INFOPLIST_KEY_UILaunchScreen_Generation = YES;
				INFOPLIST_KEY_UISupportedInterfaceOrientations_iPad = "UIInterfaceOrientationPortrait UIInterfaceOrientationPortraitUpsideDown UIInterfaceOrientationLandscapeLeft UIInterfaceOrientationLandscapeRight";
				INFOPLIST_KEY_UISupportedInterfaceOrientations_iPhone = "UIInterfaceOrientationPortrait UIInterfaceOrientationLandscapeLeft UIInterfaceOrientationLandscapeRight";
				IPHONEOS_DEPLOYMENT_TARGET = 15.5;
				LD_RUNPATH_SEARCH_PATHS = (
					"$(inherited)",
					"@executable_path/Frameworks",
				);
				MARKETING_VERSION = 1.0;
				PRODUCT_BUNDLE_IDENTIFIER = com.pazzi.marina.MagicWand;
				PRODUCT_NAME = "$(TARGET_NAME)";
				SDKROOT = iphoneos;
				SWIFT_EMIT_LOC_STRINGS = YES;
				SWIFT_VERSION = 5.0;
				TARGETED_DEVICE_FAMILY = "1,2";
				VALIDATE_PRODUCT = YES;
			};
			name = Release;
		};
/* End XCBuildConfiguration section */

/* Begin XCConfigurationList section */
		1B2F891628BD8F0A009815F1 /* Build configuration list for PBXProject "MagicWand" */ = {
			isa = XCConfigurationList;
			buildConfigurations = (
				1B2F894A28BD8F0F009815F1 /* Debug */,
				1B2F894B28BD8F0F009815F1 /* Release */,
			);
			defaultConfigurationIsVisible = 0;
			defaultConfigurationName = Release;
		};
		1B2F894C28BD8F0F009815F1 /* Build configuration list for PBXNativeTarget "MagicWand WatchKit Extension" */ = {
			isa = XCConfigurationList;
			buildConfigurations = (
				1B2F894D28BD8F0F009815F1 /* Debug */,
				1B2F894E28BD8F0F009815F1 /* Release */,
			);
			defaultConfigurationIsVisible = 0;
			defaultConfigurationName = Release;
		};
		1B2F895028BD8F0F009815F1 /* Build configuration list for PBXNativeTarget "MagicWand WatchKit App" */ = {
			isa = XCConfigurationList;
			buildConfigurations = (
				1B2F895128BD8F0F009815F1 /* Debug */,
				1B2F895228BD8F0F009815F1 /* Release */,
			);
			defaultConfigurationIsVisible = 0;
			defaultConfigurationName = Release;
		};
		1B2F895428BD8F0F009815F1 /* Build configuration list for PBXNativeTarget "MagicWand" */ = {
			isa = XCConfigurationList;
			buildConfigurations = (
				1B2F895528BD8F0F009815F1 /* Debug */,
				1B2F895628BD8F0F009815F1 /* Release */,
			);
			defaultConfigurationIsVisible = 0;
			defaultConfigurationName = Release;
		};
/* End XCConfigurationList section */
	};
	rootObject = 1B2F891328BD8F0A009815F1 /* Project object */;
}
